Microsoft Visual Studio Solution File, Format Version 11.00
# Visual Studio 2008

Project("{ED48F21D-0DFC-4E4E-1BFC-2048D27C23D2}") = "JetPackNinja", "Assembly-CSharp.csproj", "{63107679-7022-52B7-20D9-86B4BE50A24E}"
EndProject
Project("{ED48F21D-0DFC-4E4E-1BFC-2048D27C23D2}") = "JetPackNinja", "Assembly-UnityScript.unityproj", "{AC2D3175-ED76-1A78-57AA-01842244AA85}"
EndProject
Project("{ED48F21D-0DFC-4E4E-1BFC-2048D27C23D2}") = "JetPackNinja", "Assembly-UnityScript-Editor.unityproj", "{8C97243B-8A15-CF68-EF74-802D0C756B84}"
EndProject
Global
	GlobalSection(SolutionConfigurationPlatforms) = preSolution
		Debug|Any CPU = Debug|Any CPU
		Release|Any CPU = Release|Any CPU
	EndGlobalSection
	GlobalSection(ProjectConfigurationPlatforms) = postSolution
		{63107679-7022-52B7-20D9-86B4BE50A24E}.Debug|Any CPU.ActiveCfg = Debug|Any CPU
		{63107679-7022-52B7-20D9-86B4BE50A24E}.Debug|Any CPU.Build.0 = Debug|Any CPU
		{63107679-7022-52B7-20D9-86B4BE50A24E}.Release|Any CPU.ActiveCfg = Release|Any CPU
		{63107679-7022-52B7-20D9-86B4BE50A24E}.Release|Any CPU.Build.0 = Release|Any CPU
		{AC2D3175-ED76-1A78-57AA-01842244AA85}.Debug|Any CPU.ActiveCfg = Debug|Any CPU
		{AC2D3175-ED76-1A78-57AA-01842244AA85}.Debug|Any CPU.Build.0 = Debug|Any CPU
		{AC2D3175-ED76-1A78-57AA-01842244AA85}.Release|Any CPU.ActiveCfg = Release|Any CPU
		{AC2D3175-ED76-1A78-57AA-01842244AA85}.Release|Any CPU.Build.0 = Release|Any CPU
		{8C97243B-8A15-CF68-EF74-802D0C756B84}.Debug|Any CPU.ActiveCfg = Debug|Any CPU
		{8C97243B-8A15-CF68-EF74-802D0C756B84}.Debug|Any CPU.Build.0 = Debug|Any CPU
		{8C97243B-8A15-CF68-EF74-802D0C756B84}.Release|Any CPU.ActiveCfg = Release|Any CPU
		{8C97243B-8A15-CF68-EF74-802D0C756B84}.Release|Any CPU.Build.0 = Release|Any CPU
	EndGlobalSection
	GlobalSection(SolutionProperties) = preSolution
		HideSolutionNode = FALSE
	EndGlobalSection
																										GlobalSection(MonoDevelopProperties) = preSolution
		StartupItem = Assembly-CSharp.csproj
		Policies = $0
		$0.TextStylePolicy = $1
		$1.inheritsSet = null
		$1.scope = text/x-csharp
		$0.CSharpFormattingPolicy = $2
		$2.inheritsSet = Mono
		$2.inheritsScope = text/x-csharp
		$2.scope = text/x-csharp
		$0.TextStylePolicy = $3
		$3.FileWidth = 120
		$3.TabWidth = 4
		$3.IndentWidth = 4
		$3.EolMarker = Unix
		$3.inheritsSet = Mono
		$3.inheritsScope = text/plain
		$3.scope = text/plain
	EndGlobalSection

EndGlobal
